
Microsoft Visual Studio Solution File, Format Version 12.00
# Visual Studio 14
VisualStudioVersion = 14.0.25420.1
MinimumVisualStudioVersion = 10.0.40219.1
Project("{FAE04EC0-301F-11D3-BF4B-00C04F79EFBC}") = "SoapCalc", "SoapCalc\SoapCalc.csproj", "{17EF50B4-987A-492E-9EBD-8E5C2740227C}"
EndProject
Project("{FAE04EC0-301F-11D3-BF4B-00C04F79EFBC}") = "SoapCalcTest", "SoapCalcTest\SoapCalcTest.csproj", "{1E6A6E1F-4693-4840-A14D-3A33FB77F18E}"
EndProject
Global
	GlobalSection(SolutionConfigurationPlatforms) = preSolution
		Debug|Any CPU = Debug|Any CPU
		Release|Any CPU = Release|Any CPU
	EndGlobalSection
	GlobalSection(ProjectConfigurationPlatforms) = postSolution
		{17EF50B4-987A-492E-9EBD-8E5C2740227C}.Debug|Any CPU.ActiveCfg = Debug|Any CPU
		{17EF50B4-987A-492E-9EBD-8E5C2740227C}.Debug|Any CPU.Build.0 = Debug|Any CPU
		{17EF50B4-987A-492E-9EBD-8E5C2740227C}.Release|Any CPU.ActiveCfg = Release|Any CPU
		{17EF50B4-987A-492E-9EBD-8E5C2740227C}.Release|Any CPU.Build.0 = Release|Any CPU
		{1E6A6E1F-4693-4840-A14D-3A33FB77F18E}.Debug|Any CPU.ActiveCfg = Debug|Any CPU
		{1E6A6E1F-4693-4840-A14D-3A33FB77F18E}.Debug|Any CPU.Build.0 = Debug|Any CPU
		{1E6A6E1F-4693-4840-A14D-3A33FB77F18E}.Release|Any CPU.ActiveCfg = Release|Any CPU
		{1E6A6E1F-4693-4840-A14D-3A33FB77F18E}.Release|Any CPU.Build.0 = Release|Any CPU
	EndGlobalSection
	GlobalSection(SolutionProperties) = preSolution
		HideSolutionNode = FALSE
	EndGlobalSection
EndGlobal
